{
  "name": "richeditor",
  "version": "1.0.0",
  "lockfileVersion": 1,
  "requires": true,
  "dependencies": {
    "@openui5/sap.m": {
      "version": "1.73.2",
      "resolved": "https://registry.npm.taobao.org/@openui5/sap.m/download/@openui5/sap.m-1.73.2.tgz",
      "integrity": "sha1-vyp32C0r+QBMexsOEIYugHZfRsc=",
      "requires": {
        "@openui5/sap.ui.core": "1.73.2",
        "@openui5/sap.ui.layout": "1.73.2",
        "@openui5/sap.ui.unified": "1.73.2"
      }
    },
    "@openui5/sap.tnt": {
      "version": "1.73.2",
      "resolved": "https://registry.npm.taobao.org/@openui5/sap.tnt/download/@openui5/sap.tnt-1.73.2.tgz",
      "integrity": "sha1-cXEOSQpYa8TzC8j2kiuLjPM/hDU=",
      "requires": {
        "@openui5/sap.m": "1.73.2",
        "@openui5/sap.ui.core": "1.73.2"
      }
    },
    "@openui5/sap.ui.core": {
      "version": "1.73.2",
      "resolved": "https://registry.npm.taobao.org/@openui5/sap.ui.core/download/@openui5/sap.ui.core-1.73.2.tgz",
      "integrity": "sha1-2QN0M55DVdlJkUOu6l4NKGgsHmM="
    },
    "@openui5/sap.ui.layout": {
      "version": "1.73.2",
      "resolved": "https://registry.npm.taobao.org/@openui5/sap.ui.layout/download/@openui5/sap.ui.layout-1.73.2.tgz",
      "integrity": "sha1-BfybdrwuBZ0Dwi2fEgqwMkmMmlE=",
      "requires": {
        "@openui5/sap.ui.core": "1.73.2"
      }
    },
    "@openui5/sap.ui.unified": {
      "version": "1.73.2",
      "resolved": "https://registry.npm.taobao.org/@openui5/sap.ui.unified/download/@openui5/sap.ui.unified-1.73.2.tgz",
      "integrity": "sha1-4HHacN9u71YphC5a7SEFZCjUFpo=",
      "requires": {
        "@openui5/sap.ui.core": "1.73.2"
      }
    },
    "@openui5/themelib_sap_belize": {
      "version": "1.73.2",
      "resolved": "https://registry.npm.taobao.org/@openui5/themelib_sap_belize/download/@openui5/themelib_sap_belize-1.73.2.tgz",
      "integrity": "sha1-DXjGziIBk1hWnq5cTLXJE4r8Nnk="
    }
  }
}
